
Microsoft Visual Studio Solution File, Format Version 12.00
# Visual Studio Version 17
VisualStudioVersion = 17.5.33424.131
MinimumVisualStudioVersion = 10.0.40219.1
Project("{2150E333-8FDC-42A3-9474-1A3956D46DE8}") = "Microservices", "Microservices", "{AF3CF195-C098-4AB8-B4A3-35A4ECB49803}"
EndProject
Project("{2150E333-8FDC-42A3-9474-1A3956D46DE8}") = "Domain", "Domain", "{63740A68-18D3-4BB9-9FCE-6B110D08E859}"
EndProject
Project("{2150E333-8FDC-42A3-9474-1A3956D46DE8}") = "Infra.Bus", "Infra.Bus", "{56D24334-CF4F-4D80-B940-1596F412ECBF}"
EndProject
Project("{2150E333-8FDC-42A3-9474-1A3956D46DE8}") = "Infra.IoC", "Infra.IoC", "{F3A14D54-03D6-47C0-9CA1-1A079A3181FF}"
EndProject
Project("{2150E333-8FDC-42A3-9474-1A3956D46DE8}") = "Presentation", "Presentation", "{23DEC8BA-4BD7-4E95-AE64-EF699B14898D}"
EndProject
Project("{9A19103F-16F7-4668-BE54-9A1E7A4F7556}") = "MicroRabbit.Domain.Core", "MicroRabbit.Domain.Core\MicroRabbit.Domain.Core.csproj", "{CD82E6E1-EAFE-442A-8E16-32D156109D01}"
EndProject
Project("{9A19103F-16F7-4668-BE54-9A1E7A4F7556}") = "MicroRabbit.Infra.Bus", "MicroRabbit.Infra.Bus\MicroRabbit.Infra.Bus.csproj", "{B8CC3AE3-661D-452E-87A0-48FE2208DEB9}"
EndProject
Project("{FAE04EC0-301F-11D3-BF4B-00C04F79EFBC}") = "MicroRabbit.Infra.IoC", "MicroRabbit.Infra.IoC\MicroRabbit.Infra.IoC.csproj", "{DCE8FD0A-DAA7-411A-B0AE-6D7FAEE11E72}"
EndProject
Project("{2150E333-8FDC-42A3-9474-1A3956D46DE8}") = "Banking", "Banking", "{A0A8D62B-B5E4-4C3E-981C-947CEBF1E20F}"
EndProject
Project("{2150E333-8FDC-42A3-9474-1A3956D46DE8}") = "Api", "Api", "{DEEF01D8-53C1-464A-8559-D964A6899F5A}"
EndProject
Project("{2150E333-8FDC-42A3-9474-1A3956D46DE8}") = "Domain", "Domain", "{E7AEFBF9-AC4A-4D34-A43C-C938E2145BD1}"
EndProject
Project("{2150E333-8FDC-42A3-9474-1A3956D46DE8}") = "Application", "Application", "{A1BFBDD0-2370-4AA5-A29A-9B5225C94F4E}"
EndProject
Project("{2150E333-8FDC-42A3-9474-1A3956D46DE8}") = "Data", "Data", "{E7B9140D-BD99-4235-9A86-18B76BA1578B}"
EndProject
Project("{FAE04EC0-301F-11D3-BF4B-00C04F79EFBC}") = "MicroRabbit.Banking.APi", "MicroRabbit.Banking.APi\MicroRabbit.Banking.APi.csproj", "{98C52372-A381-4514-87AC-2873F589F3AA}"
EndProject
Project("{FAE04EC0-301F-11D3-BF4B-00C04F79EFBC}") = "MicroRabbit.Banking.Application", "MicroRabbit.Banking.Application\MicroRabbit.Banking.Application.csproj", "{0C39A294-B10D-4583-AF49-29F648565415}"
EndProject
Project("{FAE04EC0-301F-11D3-BF4B-00C04F79EFBC}") = "MicroRabbit.Banking.Data", "MicroRabbit.Banking.Data\MicroRabbit.Banking.Data.csproj", "{18B680CA-2361-4851-9851-38AA4A408091}"
EndProject
Project("{FAE04EC0-301F-11D3-BF4B-00C04F79EFBC}") = "MicroRabbit.Banking.Domain", "MicroRabbit.Banking.Domain\MicroRabbit.Banking.Domain.csproj", "{D02EFD3F-F8EC-4159-A4E3-F82760CEA79C}"
EndProject
Global
	GlobalSection(SolutionConfigurationPlatforms) = preSolution
		Debug|Any CPU = Debug|Any CPU
		Release|Any CPU = Release|Any CPU
	EndGlobalSection
	GlobalSection(ProjectConfigurationPlatforms) = postSolution
		{CD82E6E1-EAFE-442A-8E16-32D156109D01}.Debug|Any CPU.ActiveCfg = Debug|Any CPU
		{CD82E6E1-EAFE-442A-8E16-32D156109D01}.Debug|Any CPU.Build.0 = Debug|Any CPU
		{CD82E6E1-EAFE-442A-8E16-32D156109D01}.Release|Any CPU.ActiveCfg = Release|Any CPU
		{CD82E6E1-EAFE-442A-8E16-32D156109D01}.Release|Any CPU.Build.0 = Release|Any CPU
		{B8CC3AE3-661D-452E-87A0-48FE2208DEB9}.Debug|Any CPU.ActiveCfg = Debug|Any CPU
		{B8CC3AE3-661D-452E-87A0-48FE2208DEB9}.Debug|Any CPU.Build.0 = Debug|Any CPU
		{B8CC3AE3-661D-452E-87A0-48FE2208DEB9}.Release|Any CPU.ActiveCfg = Release|Any CPU
		{B8CC3AE3-661D-452E-87A0-48FE2208DEB9}.Release|Any CPU.Build.0 = Release|Any CPU
		{DCE8FD0A-DAA7-411A-B0AE-6D7FAEE11E72}.Debug|Any CPU.ActiveCfg = Debug|Any CPU
		{DCE8FD0A-DAA7-411A-B0AE-6D7FAEE11E72}.Debug|Any CPU.Build.0 = Debug|Any CPU
		{DCE8FD0A-DAA7-411A-B0AE-6D7FAEE11E72}.Release|Any CPU.ActiveCfg = Release|Any CPU
		{DCE8FD0A-DAA7-411A-B0AE-6D7FAEE11E72}.Release|Any CPU.Build.0 = Release|Any CPU
		{98C52372-A381-4514-87AC-2873F589F3AA}.Debug|Any CPU.ActiveCfg = Debug|Any CPU
		{98C52372-A381-4514-87AC-2873F589F3AA}.Debug|Any CPU.Build.0 = Debug|Any CPU
		{98C52372-A381-4514-87AC-2873F589F3AA}.Release|Any CPU.ActiveCfg = Release|Any CPU
		{98C52372-A381-4514-87AC-2873F589F3AA}.Release|Any CPU.Build.0 = Release|Any CPU
		{0C39A294-B10D-4583-AF49-29F648565415}.Debug|Any CPU.ActiveCfg = Debug|Any CPU
		{0C39A294-B10D-4583-AF49-29F648565415}.Debug|Any CPU.Build.0 = Debug|Any CPU
		{0C39A294-B10D-4583-AF49-29F648565415}.Release|Any CPU.ActiveCfg = Release|Any CPU
		{0C39A294-B10D-4583-AF49-29F648565415}.Release|Any CPU.Build.0 = Release|Any CPU
		{18B680CA-2361-4851-9851-38AA4A408091}.Debug|Any CPU.ActiveCfg = Debug|Any CPU
		{18B680CA-2361-4851-9851-38AA4A408091}.Debug|Any CPU.Build.0 = Debug|Any CPU
		{18B680CA-2361-4851-9851-38AA4A408091}.Release|Any CPU.ActiveCfg = Release|Any CPU
		{18B680CA-2361-4851-9851-38AA4A408091}.Release|Any CPU.Build.0 = Release|Any CPU
		{D02EFD3F-F8EC-4159-A4E3-F82760CEA79C}.Debug|Any CPU.ActiveCfg = Debug|Any CPU
		{D02EFD3F-F8EC-4159-A4E3-F82760CEA79C}.Debug|Any CPU.Build.0 = Debug|Any CPU
		{D02EFD3F-F8EC-4159-A4E3-F82760CEA79C}.Release|Any CPU.ActiveCfg = Release|Any CPU
		{D02EFD3F-F8EC-4159-A4E3-F82760CEA79C}.Release|Any CPU.Build.0 = Release|Any CPU
	EndGlobalSection
	GlobalSection(SolutionProperties) = preSolution
		HideSolutionNode = FALSE
	EndGlobalSection
	GlobalSection(NestedProjects) = preSolution
		{CD82E6E1-EAFE-442A-8E16-32D156109D01} = {63740A68-18D3-4BB9-9FCE-6B110D08E859}
		{B8CC3AE3-661D-452E-87A0-48FE2208DEB9} = {56D24334-CF4F-4D80-B940-1596F412ECBF}
		{DCE8FD0A-DAA7-411A-B0AE-6D7FAEE11E72} = {F3A14D54-03D6-47C0-9CA1-1A079A3181FF}
		{A0A8D62B-B5E4-4C3E-981C-947CEBF1E20F} = {AF3CF195-C098-4AB8-B4A3-35A4ECB49803}
		{DEEF01D8-53C1-464A-8559-D964A6899F5A} = {A0A8D62B-B5E4-4C3E-981C-947CEBF1E20F}
		{E7AEFBF9-AC4A-4D34-A43C-C938E2145BD1} = {A0A8D62B-B5E4-4C3E-981C-947CEBF1E20F}
		{A1BFBDD0-2370-4AA5-A29A-9B5225C94F4E} = {A0A8D62B-B5E4-4C3E-981C-947CEBF1E20F}
		{E7B9140D-BD99-4235-9A86-18B76BA1578B} = {A0A8D62B-B5E4-4C3E-981C-947CEBF1E20F}
		{98C52372-A381-4514-87AC-2873F589F3AA} = {DEEF01D8-53C1-464A-8559-D964A6899F5A}
		{0C39A294-B10D-4583-AF49-29F648565415} = {A1BFBDD0-2370-4AA5-A29A-9B5225C94F4E}
		{18B680CA-2361-4851-9851-38AA4A408091} = {E7B9140D-BD99-4235-9A86-18B76BA1578B}
		{D02EFD3F-F8EC-4159-A4E3-F82760CEA79C} = {E7AEFBF9-AC4A-4D34-A43C-C938E2145BD1}
	EndGlobalSection
	GlobalSection(ExtensibilityGlobals) = postSolution
		SolutionGuid = {BC11D283-CF3C-4363-861E-52F9D0414F7B}
	EndGlobalSection
EndGlobal
