
Microsoft Visual Studio Solution File, Format Version 12.00
# Visual Studio Version 17
VisualStudioVersion = 17.5.33424.131
MinimumVisualStudioVersion = 10.0.40219.1
Project("{2150E333-8FDC-42A3-9474-1A3956D46DE8}") = "Microservices", "Microservices", "{AF3CF195-C098-4AB8-B4A3-35A4ECB49803}"
EndProject
Project("{2150E333-8FDC-42A3-9474-1A3956D46DE8}") = "Domain", "Domain", "{63740A68-18D3-4BB9-9FCE-6B110D08E859}"
EndProject
Project("{2150E333-8FDC-42A3-9474-1A3956D46DE8}") = "Infra.Bus", "Infra.Bus", "{56D24334-CF4F-4D80-B940-1596F412ECBF}"
EndProject
Project("{2150E333-8FDC-42A3-9474-1A3956D46DE8}") = "Infra.IoC", "Infra.IoC", "{F3A14D54-03D6-47C0-9CA1-1A079A3181FF}"
EndProject
Project("{2150E333-8FDC-42A3-9474-1A3956D46DE8}") = "Presentation", "Presentation", "{23DEC8BA-4BD7-4E95-AE64-EF699B14898D}"
EndProject
Project("{FAE04EC0-301F-11D3-BF4B-00C04F79EFBC}") = "MicroRabbit.Domain.Core", "MicroRabbit.Domain.Core\MicroRabbit.Domain.Core.csproj", "{CD82E6E1-EAFE-442A-8E16-32D156109D01}"
EndProject
Global
	GlobalSection(SolutionConfigurationPlatforms) = preSolution
		Debug|Any CPU = Debug|Any CPU
		Release|Any CPU = Release|Any CPU
	EndGlobalSection
	GlobalSection(ProjectConfigurationPlatforms) = postSolution
		{CD82E6E1-EAFE-442A-8E16-32D156109D01}.Debug|Any CPU.ActiveCfg = Debug|Any CPU
		{CD82E6E1-EAFE-442A-8E16-32D156109D01}.Debug|Any CPU.Build.0 = Debug|Any CPU
		{CD82E6E1-EAFE-442A-8E16-32D156109D01}.Release|Any CPU.ActiveCfg = Release|Any CPU
		{CD82E6E1-EAFE-442A-8E16-32D156109D01}.Release|Any CPU.Build.0 = Release|Any CPU
	EndGlobalSection
	GlobalSection(SolutionProperties) = preSolution
		HideSolutionNode = FALSE
	EndGlobalSection
	GlobalSection(NestedProjects) = preSolution
		{CD82E6E1-EAFE-442A-8E16-32D156109D01} = {63740A68-18D3-4BB9-9FCE-6B110D08E859}
	EndGlobalSection
	GlobalSection(ExtensibilityGlobals) = postSolution
		SolutionGuid = {BC11D283-CF3C-4363-861E-52F9D0414F7B}
	EndGlobalSection
EndGlobal
